<?xml version="1.0" encoding="utf-8"?>
<Project ToolsVersion="4.0" xmlns="http://schemas.microsoft.com/developer/msbuild/2003">
  <ItemGroup>
    <Filter Include="소스 파일">
      <UniqueIdentifier>{4FC737F1-C7A5-4376-A066-2A32D752A2FF}</UniqueIdentifier>
      <Extensions>cpp;c;cc;cxx;c++;cppm;ixx;def;odl;idl;hpj;bat;asm;asmx</Extensions>
    </Filter>
    <Filter Include="헤더 파일">
      <UniqueIdentifier>{93995380-89BD-4b04-88EB-625FBE52EBFB}</UniqueIdentifier>
      <Extensions>h;hh;hpp;hxx;h++;hm;inl;inc;ipp;xsd</Extensions>
    </Filter>
    <Filter Include="리소스 파일">
      <UniqueIdentifier>{67DA6AB6-F800-4c08-8B7A-83BB121AAD01}</UniqueIdentifier>
      <Extensions>rc;ico;cur;bmp;dlg;rc2;rct;bin;rgs;gif;jpg;jpeg;jpe;resx;tiff;tif;png;wav;mfcribbon-ms</Extensions>
    </Filter>
  </ItemGroup>
  <ItemGroup>
    <ClInclude Include="spine-cpp\spine\AnimationState.h">
      <Filter>헤더 파일</Filter>
    </ClInclude>
    <ClInclude Include="spine-cpp\spine\Animation.h">
      <Filter>헤더 파일</Filter>
    </ClInclude>
    <ClInclude Include="spine-cpp\spine\Vertices.h">
      <Filter>헤더 파일</Filter>
    </ClInclude>
    <ClInclude Include="spine-cpp\spine\VertexAttachment.h">
      <Filter>헤더 파일</Filter>
    </ClInclude>
    <ClInclude Include="spine-cpp\spine\Version.h">
      <Filter>헤더 파일</Filter>
    </ClInclude>
    <ClInclude Include="spine-cpp\spine\Vector.h">
      <Filter>헤더 파일</Filter>
    </ClInclude>
    <ClInclude Include="spine-cpp\spine\Updatable.h">
      <Filter>헤더 파일</Filter>
    </ClInclude>
    <ClInclude Include="spine-cpp\spine\Triangulator.h">
      <Filter>헤더 파일</Filter>
    </ClInclude>
    <ClInclude Include="spine-cpp\spine\TranslateTimeline.h">
      <Filter>헤더 파일</Filter>
    </ClInclude>
    <ClInclude Include="spine-cpp\spine\TransformConstraintTimeline.h">
      <Filter>헤더 파일</Filter>
    </ClInclude>
    <ClInclude Include="spine-cpp\spine\TransformConstraintData.h">
      <Filter>헤더 파일</Filter>
    </ClInclude>
    <ClInclude Include="spine-cpp\spine\TransformConstraint.h">
      <Filter>헤더 파일</Filter>
    </ClInclude>
    <ClInclude Include="spine-cpp\spine\Timeline.h">
      <Filter>헤더 파일</Filter>
    </ClInclude>
    <ClInclude Include="spine-cpp\spine\TextureRegion.h">
      <Filter>헤더 파일</Filter>
    </ClInclude>
    <ClInclude Include="spine-cpp\spine\TextureLoader.h">
      <Filter>헤더 파일</Filter>
    </ClInclude>
    <ClInclude Include="spine-cpp\spine\SpineString.h">
      <Filter>헤더 파일</Filter>
    </ClInclude>
    <ClInclude Include="spine-cpp\spine\SpineObject.h">
      <Filter>헤더 파일</Filter>
    </ClInclude>
    <ClInclude Include="spine-cpp\spine\spine.h">
      <Filter>헤더 파일</Filter>
    </ClInclude>
    <ClInclude Include="spine-cpp\spine\SpacingMode.h">
      <Filter>헤더 파일</Filter>
    </ClInclude>
    <ClInclude Include="spine-cpp\spine\SlotData.h">
      <Filter>헤더 파일</Filter>
    </ClInclude>
    <ClInclude Include="spine-cpp\spine\Slot.h">
      <Filter>헤더 파일</Filter>
    </ClInclude>
    <ClInclude Include="spine-cpp\spine\Skin.h">
      <Filter>헤더 파일</Filter>
    </ClInclude>
    <ClInclude Include="spine-cpp\spine\SkeletonRenderer.h">
      <Filter>헤더 파일</Filter>
    </ClInclude>
    <ClInclude Include="spine-cpp\spine\SkeletonJson.h">
      <Filter>헤더 파일</Filter>
    </ClInclude>
    <ClInclude Include="spine-cpp\spine\SkeletonData.h">
      <Filter>헤더 파일</Filter>
    </ClInclude>
    <ClInclude Include="spine-cpp\spine\SkeletonClipping.h">
      <Filter>헤더 파일</Filter>
    </ClInclude>
    <ClInclude Include="spine-cpp\spine\SkeletonBounds.h">
      <Filter>헤더 파일</Filter>
    </ClInclude>
    <ClInclude Include="spine-cpp\spine\SkeletonBinary.h">
      <Filter>헤더 파일</Filter>
    </ClInclude>
    <ClInclude Include="spine-cpp\spine\Skeleton.h">
      <Filter>헤더 파일</Filter>
    </ClInclude>
    <ClInclude Include="spine-cpp\spine\ShearTimeline.h">
      <Filter>헤더 파일</Filter>
    </ClInclude>
    <ClInclude Include="spine-cpp\spine\SequenceTimeline.h">
      <Filter>헤더 파일</Filter>
    </ClInclude>
    <ClInclude Include="spine-cpp\spine\Sequence.h">
      <Filter>헤더 파일</Filter>
    </ClInclude>
    <ClInclude Include="spine-cpp\spine\ScaleTimeline.h">
      <Filter>헤더 파일</Filter>
    </ClInclude>
    <ClInclude Include="spine-cpp\spine\RTTI.h">
      <Filter>헤더 파일</Filter>
    </ClInclude>
    <ClInclude Include="spine-cpp\spine\RotateTimeline.h">
      <Filter>헤더 파일</Filter>
    </ClInclude>
    <ClInclude Include="spine-cpp\spine\RotateMode.h">
      <Filter>헤더 파일</Filter>
    </ClInclude>
    <ClInclude Include="spine-cpp\spine\RegionAttachment.h">
      <Filter>헤더 파일</Filter>
    </ClInclude>
    <ClInclude Include="spine-cpp\spine\Property.h">
      <Filter>헤더 파일</Filter>
    </ClInclude>
    <ClInclude Include="spine-cpp\spine\PositionMode.h">
      <Filter>헤더 파일</Filter>
    </ClInclude>
    <ClInclude Include="spine-cpp\spine\Pool.h">
      <Filter>헤더 파일</Filter>
    </ClInclude>
    <ClInclude Include="spine-cpp\spine\PointAttachment.h">
      <Filter>헤더 파일</Filter>
    </ClInclude>
    <ClInclude Include="spine-cpp\spine\PhysicsConstraintTimeline.h">
      <Filter>헤더 파일</Filter>
    </ClInclude>
    <ClInclude Include="spine-cpp\spine\PhysicsConstraintData.h">
      <Filter>헤더 파일</Filter>
    </ClInclude>
    <ClInclude Include="spine-cpp\spine\PhysicsConstraint.h">
      <Filter>헤더 파일</Filter>
    </ClInclude>
    <ClInclude Include="spine-cpp\spine\Physics.h">
      <Filter>헤더 파일</Filter>
    </ClInclude>
    <ClInclude Include="spine-cpp\spine\PathConstraintSpacingTimeline.h">
      <Filter>헤더 파일</Filter>
    </ClInclude>
    <ClInclude Include="spine-cpp\spine\PathConstraintPositionTimeline.h">
      <Filter>헤더 파일</Filter>
    </ClInclude>
    <ClInclude Include="spine-cpp\spine\PathConstraintMixTimeline.h">
      <Filter>헤더 파일</Filter>
    </ClInclude>
    <ClInclude Include="spine-cpp\spine\PathConstraintData.h">
      <Filter>헤더 파일</Filter>
    </ClInclude>
    <ClInclude Include="spine-cpp\spine\PathConstraint.h">
      <Filter>헤더 파일</Filter>
    </ClInclude>
    <ClInclude Include="spine-cpp\spine\PathAttachment.h">
      <Filter>헤더 파일</Filter>
    </ClInclude>
    <ClInclude Include="spine-cpp\spine\MixDirection.h">
      <Filter>헤더 파일</Filter>
    </ClInclude>
    <ClInclude Include="spine-cpp\spine\MixBlend.h">
      <Filter>헤더 파일</Filter>
    </ClInclude>
    <ClInclude Include="spine-cpp\spine\MeshAttachment.h">
      <Filter>헤더 파일</Filter>
    </ClInclude>
    <ClInclude Include="spine-cpp\spine\MathUtil.h">
      <Filter>헤더 파일</Filter>
    </ClInclude>
    <ClInclude Include="spine-cpp\spine\Log.h">
      <Filter>헤더 파일</Filter>
    </ClInclude>
    <ClInclude Include="spine-cpp\spine\LinkedMesh.h">
      <Filter>헤더 파일</Filter>
    </ClInclude>
    <ClInclude Include="spine-cpp\spine\Json.h">
      <Filter>헤더 파일</Filter>
    </ClInclude>
    <ClInclude Include="spine-cpp\spine\InheritTimeline.h">
      <Filter>헤더 파일</Filter>
    </ClInclude>
    <ClInclude Include="spine-cpp\spine\Inherit.h">
      <Filter>헤더 파일</Filter>
    </ClInclude>
    <ClInclude Include="spine-cpp\spine\IkConstraintTimeline.h">
      <Filter>헤더 파일</Filter>
    </ClInclude>
    <ClInclude Include="spine-cpp\spine\IkConstraintData.h">
      <Filter>헤더 파일</Filter>
    </ClInclude>
    <ClInclude Include="spine-cpp\spine\IkConstraint.h">
      <Filter>헤더 파일</Filter>
    </ClInclude>
    <ClInclude Include="spine-cpp\spine\HasRendererObject.h">
      <Filter>헤더 파일</Filter>
    </ClInclude>
    <ClInclude Include="spine-cpp\spine\HashMap.h">
      <Filter>헤더 파일</Filter>
    </ClInclude>
    <ClInclude Include="spine-cpp\spine\Extension.h">
      <Filter>헤더 파일</Filter>
    </ClInclude>
    <ClInclude Include="spine-cpp\spine\EventTimeline.h">
      <Filter>헤더 파일</Filter>
    </ClInclude>
    <ClInclude Include="spine-cpp\spine\EventData.h">
      <Filter>헤더 파일</Filter>
    </ClInclude>
    <ClInclude Include="spine-cpp\spine\Event.h">
      <Filter>헤더 파일</Filter>
    </ClInclude>
    <ClInclude Include="spine-cpp\spine\DrawOrderTimeline.h">
      <Filter>헤더 파일</Filter>
    </ClInclude>
    <ClInclude Include="spine-cpp\spine\dll.h">
      <Filter>헤더 파일</Filter>
    </ClInclude>
    <ClInclude Include="spine-cpp\spine\DeformTimeline.h">
      <Filter>헤더 파일</Filter>
    </ClInclude>
    <ClInclude Include="spine-cpp\spine\Debug.h">
      <Filter>헤더 파일</Filter>
    </ClInclude>
    <ClInclude Include="spine-cpp\spine\CurveTimeline.h">
      <Filter>헤더 파일</Filter>
    </ClInclude>
    <ClInclude Include="spine-cpp\spine\ContainerUtil.h">
      <Filter>헤더 파일</Filter>
    </ClInclude>
    <ClInclude Include="spine-cpp\spine\ConstraintData.h">
      <Filter>헤더 파일</Filter>
    </ClInclude>
    <ClInclude Include="spine-cpp\spine\ColorTimeline.h">
      <Filter>헤더 파일</Filter>
    </ClInclude>
    <ClInclude Include="spine-cpp\spine\Color.h">
      <Filter>헤더 파일</Filter>
    </ClInclude>
    <ClInclude Include="spine-cpp\spine\ClippingAttachment.h">
      <Filter>헤더 파일</Filter>
    </ClInclude>
    <ClInclude Include="spine-cpp\spine\BoundingBoxAttachment.h">
      <Filter>헤더 파일</Filter>
    </ClInclude>
    <ClInclude Include="spine-cpp\spine\BoneData.h">
      <Filter>헤더 파일</Filter>
    </ClInclude>
    <ClInclude Include="spine-cpp\spine\Bone.h">
      <Filter>헤더 파일</Filter>
    </ClInclude>
    <ClInclude Include="spine-cpp\spine\BlockAllocator.h">
      <Filter>헤더 파일</Filter>
    </ClInclude>
    <ClInclude Include="spine-cpp\spine\BlendMode.h">
      <Filter>헤더 파일</Filter>
    </ClInclude>
    <ClInclude Include="spine-cpp\spine\AttachmentType.h">
      <Filter>헤더 파일</Filter>
    </ClInclude>
    <ClInclude Include="spine-cpp\spine\AttachmentTimeline.h">
      <Filter>헤더 파일</Filter>
    </ClInclude>
    <ClInclude Include="spine-cpp\spine\AttachmentLoader.h">
      <Filter>헤더 파일</Filter>
    </ClInclude>
    <ClInclude Include="spine-cpp\spine\Attachment.h">
      <Filter>헤더 파일</Filter>
    </ClInclude>
    <ClInclude Include="spine-cpp\spine\AtlasAttachmentLoader.h">
      <Filter>헤더 파일</Filter>
    </ClInclude>
    <ClInclude Include="spine-cpp\spine\Atlas.h">
      <Filter>헤더 파일</Filter>
    </ClInclude>
    <ClInclude Include="spine-cpp\spine\AnimationStateData.h">
      <Filter>헤더 파일</Filter>
    </ClInclude>
    <ClInclude Include="spine-cpp\spine\spine-cpp-lite.h">
      <Filter>헤더 파일</Filter>
    </ClInclude>
  </ItemGroup>
  <ItemGroup>
    <ClCompile Include="spine-cpp\spine\PathAttachment.cpp">
      <Filter>소스 파일</Filter>
    </ClCompile>
    <ClCompile Include="spine-cpp\spine\MeshAttachment.cpp">
      <Filter>소스 파일</Filter>
    </ClCompile>
    <ClCompile Include="spine-cpp\spine\MathUtil.cpp">
      <Filter>소스 파일</Filter>
    </ClCompile>
    <ClCompile Include="spine-cpp\spine\Log.cpp">
      <Filter>소스 파일</Filter>
    </ClCompile>
    <ClCompile Include="spine-cpp\spine\LinkedMesh.cpp">
      <Filter>소스 파일</Filter>
    </ClCompile>
    <ClCompile Include="spine-cpp\spine\Json.cpp">
      <Filter>소스 파일</Filter>
    </ClCompile>
    <ClCompile Include="spine-cpp\spine\InheritTimeline.cpp">
      <Filter>소스 파일</Filter>
    </ClCompile>
    <ClCompile Include="spine-cpp\spine\IkConstraintTimeline.cpp">
      <Filter>소스 파일</Filter>
    </ClCompile>
    <ClCompile Include="spine-cpp\spine\IkConstraintData.cpp">
      <Filter>소스 파일</Filter>
    </ClCompile>
    <ClCompile Include="spine-cpp\spine\IkConstraint.cpp">
      <Filter>소스 파일</Filter>
    </ClCompile>
    <ClCompile Include="spine-cpp\spine\Extension.cpp">
      <Filter>소스 파일</Filter>
    </ClCompile>
    <ClCompile Include="spine-cpp\spine\EventTimeline.cpp">
      <Filter>소스 파일</Filter>
    </ClCompile>
    <ClCompile Include="spine-cpp\spine\EventData.cpp">
      <Filter>소스 파일</Filter>
    </ClCompile>
    <ClCompile Include="spine-cpp\spine\Event.cpp">
      <Filter>소스 파일</Filter>
    </ClCompile>
    <ClCompile Include="spine-cpp\spine\DrawOrderTimeline.cpp">
      <Filter>소스 파일</Filter>
    </ClCompile>
    <ClCompile Include="spine-cpp\spine\DeformTimeline.cpp">
      <Filter>소스 파일</Filter>
    </ClCompile>
    <ClCompile Include="spine-cpp\spine\CurveTimeline.cpp">
      <Filter>소스 파일</Filter>
    </ClCompile>
    <ClCompile Include="spine-cpp\spine\ConstraintData.cpp">
      <Filter>소스 파일</Filter>
    </ClCompile>
    <ClCompile Include="spine-cpp\spine\ColorTimeline.cpp">
      <Filter>소스 파일</Filter>
    </ClCompile>
    <ClCompile Include="spine-cpp\spine\ClippingAttachment.cpp">
      <Filter>소스 파일</Filter>
    </ClCompile>
    <ClCompile Include="spine-cpp\spine\BoundingBoxAttachment.cpp">
      <Filter>소스 파일</Filter>
    </ClCompile>
    <ClCompile Include="spine-cpp\spine\BoneData.cpp">
      <Filter>소스 파일</Filter>
    </ClCompile>
    <ClCompile Include="spine-cpp\spine\Bone.cpp">
      <Filter>소스 파일</Filter>
    </ClCompile>
    <ClCompile Include="spine-cpp\spine\AttachmentTimeline.cpp">
      <Filter>소스 파일</Filter>
    </ClCompile>
    <ClCompile Include="spine-cpp\spine\AttachmentLoader.cpp">
      <Filter>소스 파일</Filter>
    </ClCompile>
    <ClCompile Include="spine-cpp\spine\Attachment.cpp">
      <Filter>소스 파일</Filter>
    </ClCompile>
    <ClCompile Include="spine-cpp\spine\AtlasAttachmentLoader.cpp">
      <Filter>소스 파일</Filter>
    </ClCompile>
    <ClCompile Include="spine-cpp\spine\Atlas.cpp">
      <Filter>소스 파일</Filter>
    </ClCompile>
    <ClCompile Include="spine-cpp\spine\AnimationStateData.cpp">
      <Filter>소스 파일</Filter>
    </ClCompile>
    <ClCompile Include="spine-cpp\spine\AnimationState.cpp">
      <Filter>소스 파일</Filter>
    </ClCompile>
    <ClCompile Include="spine-cpp\spine\Animation.cpp">
      <Filter>소스 파일</Filter>
    </ClCompile>
    <ClCompile Include="spine-cpp\spine\VertexAttachment.cpp">
      <Filter>소스 파일</Filter>
    </ClCompile>
    <ClCompile Include="spine-cpp\spine\Updatable.cpp">
      <Filter>소스 파일</Filter>
    </ClCompile>
    <ClCompile Include="spine-cpp\spine\Triangulator.cpp">
      <Filter>소스 파일</Filter>
    </ClCompile>
    <ClCompile Include="spine-cpp\spine\TranslateTimeline.cpp">
      <Filter>소스 파일</Filter>
    </ClCompile>
    <ClCompile Include="spine-cpp\spine\TransformConstraintTimeline.cpp">
      <Filter>소스 파일</Filter>
    </ClCompile>
    <ClCompile Include="spine-cpp\spine\TransformConstraintData.cpp">
      <Filter>소스 파일</Filter>
    </ClCompile>
    <ClCompile Include="spine-cpp\spine\TransformConstraint.cpp">
      <Filter>소스 파일</Filter>
    </ClCompile>
    <ClCompile Include="spine-cpp\spine\Timeline.cpp">
      <Filter>소스 파일</Filter>
    </ClCompile>
    <ClCompile Include="spine-cpp\spine\TextureLoader.cpp">
      <Filter>소스 파일</Filter>
    </ClCompile>
    <ClCompile Include="spine-cpp\spine\SpineObject.cpp">
      <Filter>소스 파일</Filter>
    </ClCompile>
    <ClCompile Include="spine-cpp\spine\SlotData.cpp">
      <Filter>소스 파일</Filter>
    </ClCompile>
    <ClCompile Include="spine-cpp\spine\Slot.cpp">
      <Filter>소스 파일</Filter>
    </ClCompile>
    <ClCompile Include="spine-cpp\spine\Skin.cpp">
      <Filter>소스 파일</Filter>
    </ClCompile>
    <ClCompile Include="spine-cpp\spine\SkeletonRenderer.cpp">
      <Filter>소스 파일</Filter>
    </ClCompile>
    <ClCompile Include="spine-cpp\spine\SkeletonJson.cpp">
      <Filter>소스 파일</Filter>
    </ClCompile>
    <ClCompile Include="spine-cpp\spine\SkeletonData.cpp">
      <Filter>소스 파일</Filter>
    </ClCompile>
    <ClCompile Include="spine-cpp\spine\SkeletonClipping.cpp">
      <Filter>소스 파일</Filter>
    </ClCompile>
    <ClCompile Include="spine-cpp\spine\SkeletonBounds.cpp">
      <Filter>소스 파일</Filter>
    </ClCompile>
    <ClCompile Include="spine-cpp\spine\SkeletonBinary.cpp">
      <Filter>소스 파일</Filter>
    </ClCompile>
    <ClCompile Include="spine-cpp\spine\Skeleton.cpp">
      <Filter>소스 파일</Filter>
    </ClCompile>
    <ClCompile Include="spine-cpp\spine\ShearTimeline.cpp">
      <Filter>소스 파일</Filter>
    </ClCompile>
    <ClCompile Include="spine-cpp\spine\SequenceTimeline.cpp">
      <Filter>소스 파일</Filter>
    </ClCompile>
    <ClCompile Include="spine-cpp\spine\Sequence.cpp">
      <Filter>소스 파일</Filter>
    </ClCompile>
    <ClCompile Include="spine-cpp\spine\ScaleTimeline.cpp">
      <Filter>소스 파일</Filter>
    </ClCompile>
    <ClCompile Include="spine-cpp\spine\RTTI.cpp">
      <Filter>소스 파일</Filter>
    </ClCompile>
    <ClCompile Include="spine-cpp\spine\RotateTimeline.cpp">
      <Filter>소스 파일</Filter>
    </ClCompile>
    <ClCompile Include="spine-cpp\spine\RegionAttachment.cpp">
      <Filter>소스 파일</Filter>
    </ClCompile>
    <ClCompile Include="spine-cpp\spine\PointAttachment.cpp">
      <Filter>소스 파일</Filter>
    </ClCompile>
    <ClCompile Include="spine-cpp\spine\PhysicsConstraintTimeline.cpp">
      <Filter>소스 파일</Filter>
    </ClCompile>
    <ClCompile Include="spine-cpp\spine\PhysicsConstraintData.cpp">
      <Filter>소스 파일</Filter>
    </ClCompile>
    <ClCompile Include="spine-cpp\spine\PhysicsConstraint.cpp">
      <Filter>소스 파일</Filter>
    </ClCompile>
    <ClCompile Include="spine-cpp\spine\PathConstraintSpacingTimeline.cpp">
      <Filter>소스 파일</Filter>
    </ClCompile>
    <ClCompile Include="spine-cpp\spine\PathConstraintPositionTimeline.cpp">
      <Filter>소스 파일</Filter>
    </ClCompile>
    <ClCompile Include="spine-cpp\spine\PathConstraintMixTimeline.cpp">
      <Filter>소스 파일</Filter>
    </ClCompile>
    <ClCompile Include="spine-cpp\spine\PathConstraintData.cpp">
      <Filter>소스 파일</Filter>
    </ClCompile>
    <ClCompile Include="spine-cpp\spine\PathConstraint.cpp">
      <Filter>소스 파일</Filter>
    </ClCompile>
    <ClCompile Include="spine-cpp\spine\spine-cpp-lite.cpp">
      <Filter>소스 파일</Filter>
    </ClCompile>
  </ItemGroup>
</Project>